
Microsoft Visual Studio Solution File, Format Version 12.00
# Visual Studio Version 16
VisualStudioVersion = 16.0.31624.102
MinimumVisualStudioVersion = 10.0.40219.1
Project("{FAE04EC0-301F-11D3-BF4B-00C04F79EFBC}") = "Журнал", "Журнал.csproj", "{FA565073-0850-4722-AF75-5BE0091455C0}"
EndProject
Global
	GlobalSection(SolutionConfigurationPlatforms) = preSolution
		Debug|Any CPU = Debug|Any CPU
		Release|Any CPU = Release|Any CPU
	EndGlobalSection
	GlobalSection(ProjectConfigurationPlatforms) = postSolution
		{FA565073-0850-4722-AF75-5BE0091455C0}.Debug|Any CPU.ActiveCfg = Debug|Any CPU
		{FA565073-0850-4722-AF75-5BE0091455C0}.Debug|Any CPU.Build.0 = Debug|Any CPU
		{FA565073-0850-4722-AF75-5BE0091455C0}.Release|Any CPU.ActiveCfg = Release|Any CPU
		{FA565073-0850-4722-AF75-5BE0091455C0}.Release|Any CPU.Build.0 = Release|Any CPU
	EndGlobalSection
	GlobalSection(SolutionProperties) = preSolution
		HideSolutionNode = FALSE
	EndGlobalSection
	GlobalSection(ExtensibilityGlobals) = postSolution
		SolutionGuid = {4F43577A-AC7F-4B3C-8296-4C6AD7588F7C}
	EndGlobalSection
EndGlobal
